
Microsoft Visual Studio Solution File, Format Version 12.00
# Visual Studio Version 17
Project("{2150E333-8FDC-42A3-9474-1A3956D46DE8}") = "CMakePredefinedTargets", "CMakePredefinedTargets", "{AC1D5ED2-E661-325E-B8BC-5F491BC8E9A7}"
EndProject
Project("{2150E333-8FDC-42A3-9474-1A3956D46DE8}") = "External Libraries", "External Libraries", "{FB8DD79C-0285-3821-92FA-016347A756EE}"
EndProject
Project("{2150E333-8FDC-42A3-9474-1A3956D46DE8}") = "Internal Libraries", "Internal Libraries", "{09008509-4383-3E20-B8F3-168B03CC68DB}"
EndProject
Project("{8BC9CEB8-8B4A-11D0-8D11-00A0C91BC942}") = "ALL_BUILD", "ALL_BUILD.vcxproj", "{5C953EAA-7289-3E29-A3B2-A87DECE8FBF1}"
	ProjectSection(ProjectDependencies) = postProject
		{A0B5B2A4-FA40-3D3A-A5DF-AEED62E4F6C9} = {A0B5B2A4-FA40-3D3A-A5DF-AEED62E4F6C9}
		{52789D04-36CC-3C0E-BD90-63229496FD29} = {52789D04-36CC-3C0E-BD90-63229496FD29}
		{3549E575-1F32-3CB1-827C-FBC2F1A45FC3} = {3549E575-1F32-3CB1-827C-FBC2F1A45FC3}
		{3C5DDDE2-6FDB-3682-A9D5-045157764566} = {3C5DDDE2-6FDB-3682-A9D5-045157764566}
		{F01D83E5-DF48-3E77-BC1C-6863395C807E} = {F01D83E5-DF48-3E77-BC1C-6863395C807E}
		{C4C121A1-BF6D-3375-9BBF-CA6A185A070A} = {C4C121A1-BF6D-3375-9BBF-CA6A185A070A}
		{8DA766A5-E082-397B-AD6F-7BED37577CF5} = {8DA766A5-E082-397B-AD6F-7BED37577CF5}
		{1BDE1B7E-340E-356C-9948-8D08DA044F04} = {1BDE1B7E-340E-356C-9948-8D08DA044F04}
		{478773A0-9A93-3871-A202-B0327B28589E} = {478773A0-9A93-3871-A202-B0327B28589E}
		{59EC96D6-3E14-3FD5-8D6B-3268F2E239BA} = {59EC96D6-3E14-3FD5-8D6B-3268F2E239BA}
		{3C49F172-9CCB-3762-A2F7-B1A0CA1CDA67} = {3C49F172-9CCB-3762-A2F7-B1A0CA1CDA67}
		{D0100EB4-D8B5-39E2-B224-8AF850EC3D6D} = {D0100EB4-D8B5-39E2-B224-8AF850EC3D6D}
		{3AB373AA-A309-3837-99E2-AA2789A316BD} = {3AB373AA-A309-3837-99E2-AA2789A316BD}
		{5F3003D0-519B-360B-9C7B-FF7573636B9F} = {5F3003D0-519B-360B-9C7B-FF7573636B9F}
		{269F774B-7940-361F-8098-DEEBA90060A2} = {269F774B-7940-361F-8098-DEEBA90060A2}
		{6A14081C-FC49-378D-9023-EE19186041E8} = {6A14081C-FC49-378D-9023-EE19186041E8}
		{3AF55E35-E2BC-34A7-A0E1-0B005527334C} = {3AF55E35-E2BC-34A7-A0E1-0B005527334C}
		{6BAC96DE-6AFB-3A12-9C55-6385D6B91374} = {6BAC96DE-6AFB-3A12-9C55-6385D6B91374}
	EndProjectSection
EndProject
Project("{8BC9CEB8-8B4A-11D0-8D11-00A0C91BC942}") = "INSTALL", "INSTALL.vcxproj", "{4B7883E0-3944-3DAA-A2A0-0B1B54FDF72F}"
	ProjectSection(ProjectDependencies) = postProject
		{5C953EAA-7289-3E29-A3B2-A87DECE8FBF1} = {5C953EAA-7289-3E29-A3B2-A87DECE8FBF1}
		{52789D04-36CC-3C0E-BD90-63229496FD29} = {52789D04-36CC-3C0E-BD90-63229496FD29}
	EndProjectSection
EndProject
Project("{8BC9CEB8-8B4A-11D0-8D11-00A0C91BC942}") = "ITGmania", "src\ITGmania.vcxproj", "{A0B5B2A4-FA40-3D3A-A5DF-AEED62E4F6C9}"
	ProjectSection(ProjectDependencies) = postProject
		{52789D04-36CC-3C0E-BD90-63229496FD29} = {52789D04-36CC-3C0E-BD90-63229496FD29}
		{3549E575-1F32-3CB1-827C-FBC2F1A45FC3} = {3549E575-1F32-3CB1-827C-FBC2F1A45FC3}
		{3C5DDDE2-6FDB-3682-A9D5-045157764566} = {3C5DDDE2-6FDB-3682-A9D5-045157764566}
		{F01D83E5-DF48-3E77-BC1C-6863395C807E} = {F01D83E5-DF48-3E77-BC1C-6863395C807E}
		{C4C121A1-BF6D-3375-9BBF-CA6A185A070A} = {C4C121A1-BF6D-3375-9BBF-CA6A185A070A}
		{8DA766A5-E082-397B-AD6F-7BED37577CF5} = {8DA766A5-E082-397B-AD6F-7BED37577CF5}
		{1BDE1B7E-340E-356C-9948-8D08DA044F04} = {1BDE1B7E-340E-356C-9948-8D08DA044F04}
		{478773A0-9A93-3871-A202-B0327B28589E} = {478773A0-9A93-3871-A202-B0327B28589E}
		{4B240FB4-EE81-3085-8E33-07F876F43365} = {4B240FB4-EE81-3085-8E33-07F876F43365}
		{7490A8DC-8F35-3C28-996A-860955D32FC5} = {7490A8DC-8F35-3C28-996A-860955D32FC5}
		{3A11086A-20D6-34A6-B07E-A7C2D73917FB} = {3A11086A-20D6-34A6-B07E-A7C2D73917FB}
		{59EC96D6-3E14-3FD5-8D6B-3268F2E239BA} = {59EC96D6-3E14-3FD5-8D6B-3268F2E239BA}
		{3C49F172-9CCB-3762-A2F7-B1A0CA1CDA67} = {3C49F172-9CCB-3762-A2F7-B1A0CA1CDA67}
		{D0100EB4-D8B5-39E2-B224-8AF850EC3D6D} = {D0100EB4-D8B5-39E2-B224-8AF850EC3D6D}
		{3AB373AA-A309-3837-99E2-AA2789A316BD} = {3AB373AA-A309-3837-99E2-AA2789A316BD}
		{5F3003D0-519B-360B-9C7B-FF7573636B9F} = {5F3003D0-519B-360B-9C7B-FF7573636B9F}
		{269F774B-7940-361F-8098-DEEBA90060A2} = {269F774B-7940-361F-8098-DEEBA90060A2}
		{6A14081C-FC49-378D-9023-EE19186041E8} = {6A14081C-FC49-378D-9023-EE19186041E8}
		{3AF55E35-E2BC-34A7-A0E1-0B005527334C} = {3AF55E35-E2BC-34A7-A0E1-0B005527334C}
		{6BAC96DE-6AFB-3A12-9C55-6385D6B91374} = {6BAC96DE-6AFB-3A12-9C55-6385D6B91374}
	EndProjectSection
EndProject
Project("{8BC9CEB8-8B4A-11D0-8D11-00A0C91BC942}") = "PACKAGE", "PACKAGE.vcxproj", "{DEE30D15-FC7F-3161-9E57-ACA05B96D015}"
	ProjectSection(ProjectDependencies) = postProject
		{5C953EAA-7289-3E29-A3B2-A87DECE8FBF1} = {5C953EAA-7289-3E29-A3B2-A87DECE8FBF1}
		{52789D04-36CC-3C0E-BD90-63229496FD29} = {52789D04-36CC-3C0E-BD90-63229496FD29}
	EndProjectSection
EndProject
Project("{8BC9CEB8-8B4A-11D0-8D11-00A0C91BC942}") = "ZERO_CHECK", "ZERO_CHECK.vcxproj", "{52789D04-36CC-3C0E-BD90-63229496FD29}"
	ProjectSection(ProjectDependencies) = postProject
	EndProjectSection
EndProject
Project("{8BC9CEB8-8B4A-11D0-8D11-00A0C91BC942}") = "glew", "extern\glew.vcxproj", "{3549E575-1F32-3CB1-827C-FBC2F1A45FC3}"
	ProjectSection(ProjectDependencies) = postProject
		{52789D04-36CC-3C0E-BD90-63229496FD29} = {52789D04-36CC-3C0E-BD90-63229496FD29}
	EndProjectSection
EndProject
Project("{8BC9CEB8-8B4A-11D0-8D11-00A0C91BC942}") = "ixwebsocket", "extern\ixwebsocket.vcxproj", "{3C5DDDE2-6FDB-3682-A9D5-045157764566}"
	ProjectSection(ProjectDependencies) = postProject
		{52789D04-36CC-3C0E-BD90-63229496FD29} = {52789D04-36CC-3C0E-BD90-63229496FD29}
		{4B240FB4-EE81-3085-8E33-07F876F43365} = {4B240FB4-EE81-3085-8E33-07F876F43365}
		{7490A8DC-8F35-3C28-996A-860955D32FC5} = {7490A8DC-8F35-3C28-996A-860955D32FC5}
		{3A11086A-20D6-34A6-B07E-A7C2D73917FB} = {3A11086A-20D6-34A6-B07E-A7C2D73917FB}
	EndProjectSection
EndProject
Project("{8BC9CEB8-8B4A-11D0-8D11-00A0C91BC942}") = "jpeg", "extern\jpeg.vcxproj", "{F01D83E5-DF48-3E77-BC1C-6863395C807E}"
	ProjectSection(ProjectDependencies) = postProject
		{52789D04-36CC-3C0E-BD90-63229496FD29} = {52789D04-36CC-3C0E-BD90-63229496FD29}
	EndProjectSection
EndProject
Project("{8BC9CEB8-8B4A-11D0-8D11-00A0C91BC942}") = "jsoncpp", "extern\jsoncpp.vcxproj", "{C4C121A1-BF6D-3375-9BBF-CA6A185A070A}"
	ProjectSection(ProjectDependencies) = postProject
		{52789D04-36CC-3C0E-BD90-63229496FD29} = {52789D04-36CC-3C0E-BD90-63229496FD29}
	EndProjectSection
EndProject
Project("{8BC9CEB8-8B4A-11D0-8D11-00A0C91BC942}") = "lua-5.1", "extern\lua-5.1.vcxproj", "{8DA766A5-E082-397B-AD6F-7BED37577CF5}"
	ProjectSection(ProjectDependencies) = postProject
		{52789D04-36CC-3C0E-BD90-63229496FD29} = {52789D04-36CC-3C0E-BD90-63229496FD29}
	EndProjectSection
EndProject
Project("{8BC9CEB8-8B4A-11D0-8D11-00A0C91BC942}") = "mad", "extern\mad.vcxproj", "{1BDE1B7E-340E-356C-9948-8D08DA044F04}"
	ProjectSection(ProjectDependencies) = postProject
		{52789D04-36CC-3C0E-BD90-63229496FD29} = {52789D04-36CC-3C0E-BD90-63229496FD29}
	EndProjectSection
EndProject
Project("{8BC9CEB8-8B4A-11D0-8D11-00A0C91BC942}") = "mapconv", "src\mapconv.vcxproj", "{478773A0-9A93-3871-A202-B0327B28589E}"
	ProjectSection(ProjectDependencies) = postProject
		{52789D04-36CC-3C0E-BD90-63229496FD29} = {52789D04-36CC-3C0E-BD90-63229496FD29}
	EndProjectSection
EndProject
Project("{8BC9CEB8-8B4A-11D0-8D11-00A0C91BC942}") = "mbedcrypto", "extern\mbedtls\library\mbedcrypto.vcxproj", "{4B240FB4-EE81-3085-8E33-07F876F43365}"
	ProjectSection(ProjectDependencies) = postProject
		{52789D04-36CC-3C0E-BD90-63229496FD29} = {52789D04-36CC-3C0E-BD90-63229496FD29}
	EndProjectSection
EndProject
Project("{8BC9CEB8-8B4A-11D0-8D11-00A0C91BC942}") = "mbedtls", "extern\mbedtls\library\mbedtls.vcxproj", "{7490A8DC-8F35-3C28-996A-860955D32FC5}"
	ProjectSection(ProjectDependencies) = postProject
		{52789D04-36CC-3C0E-BD90-63229496FD29} = {52789D04-36CC-3C0E-BD90-63229496FD29}
		{4B240FB4-EE81-3085-8E33-07F876F43365} = {4B240FB4-EE81-3085-8E33-07F876F43365}
		{3A11086A-20D6-34A6-B07E-A7C2D73917FB} = {3A11086A-20D6-34A6-B07E-A7C2D73917FB}
	EndProjectSection
EndProject
Project("{8BC9CEB8-8B4A-11D0-8D11-00A0C91BC942}") = "mbedx509", "extern\mbedtls\library\mbedx509.vcxproj", "{3A11086A-20D6-34A6-B07E-A7C2D73917FB}"
	ProjectSection(ProjectDependencies) = postProject
		{52789D04-36CC-3C0E-BD90-63229496FD29} = {52789D04-36CC-3C0E-BD90-63229496FD29}
		{4B240FB4-EE81-3085-8E33-07F876F43365} = {4B240FB4-EE81-3085-8E33-07F876F43365}
	EndProjectSection
EndProject
Project("{8BC9CEB8-8B4A-11D0-8D11-00A0C91BC942}") = "miniz", "extern\miniz.vcxproj", "{59EC96D6-3E14-3FD5-8D6B-3268F2E239BA}"
	ProjectSection(ProjectDependencies) = postProject
		{52789D04-36CC-3C0E-BD90-63229496FD29} = {52789D04-36CC-3C0E-BD90-63229496FD29}
	EndProjectSection
EndProject
Project("{8BC9CEB8-8B4A-11D0-8D11-00A0C91BC942}") = "ogg", "extern\ogg.vcxproj", "{3C49F172-9CCB-3762-A2F7-B1A0CA1CDA67}"
	ProjectSection(ProjectDependencies) = postProject
		{52789D04-36CC-3C0E-BD90-63229496FD29} = {52789D04-36CC-3C0E-BD90-63229496FD29}
	EndProjectSection
EndProject
Project("{8BC9CEB8-8B4A-11D0-8D11-00A0C91BC942}") = "pcre", "extern\pcre.vcxproj", "{D0100EB4-D8B5-39E2-B224-8AF850EC3D6D}"
	ProjectSection(ProjectDependencies) = postProject
		{52789D04-36CC-3C0E-BD90-63229496FD29} = {52789D04-36CC-3C0E-BD90-63229496FD29}
	EndProjectSection
EndProject
Project("{8BC9CEB8-8B4A-11D0-8D11-00A0C91BC942}") = "png", "extern\png.vcxproj", "{3AB373AA-A309-3837-99E2-AA2789A316BD}"
	ProjectSection(ProjectDependencies) = postProject
		{52789D04-36CC-3C0E-BD90-63229496FD29} = {52789D04-36CC-3C0E-BD90-63229496FD29}
	EndProjectSection
EndProject
Project("{8BC9CEB8-8B4A-11D0-8D11-00A0C91BC942}") = "tomcrypt", "extern\tomcrypt.vcxproj", "{5F3003D0-519B-360B-9C7B-FF7573636B9F}"
	ProjectSection(ProjectDependencies) = postProject
		{52789D04-36CC-3C0E-BD90-63229496FD29} = {52789D04-36CC-3C0E-BD90-63229496FD29}
		{269F774B-7940-361F-8098-DEEBA90060A2} = {269F774B-7940-361F-8098-DEEBA90060A2}
	EndProjectSection
EndProject
Project("{8BC9CEB8-8B4A-11D0-8D11-00A0C91BC942}") = "tommath", "extern\tommath.vcxproj", "{269F774B-7940-361F-8098-DEEBA90060A2}"
	ProjectSection(ProjectDependencies) = postProject
		{52789D04-36CC-3C0E-BD90-63229496FD29} = {52789D04-36CC-3C0E-BD90-63229496FD29}
	EndProjectSection
EndProject
Project("{8BC9CEB8-8B4A-11D0-8D11-00A0C91BC942}") = "vorbis", "extern\vorbis.vcxproj", "{6A14081C-FC49-378D-9023-EE19186041E8}"
	ProjectSection(ProjectDependencies) = postProject
		{52789D04-36CC-3C0E-BD90-63229496FD29} = {52789D04-36CC-3C0E-BD90-63229496FD29}
		{3C49F172-9CCB-3762-A2F7-B1A0CA1CDA67} = {3C49F172-9CCB-3762-A2F7-B1A0CA1CDA67}
	EndProjectSection
EndProject
Project("{8BC9CEB8-8B4A-11D0-8D11-00A0C91BC942}") = "vorbisfile", "extern\vorbisfile.vcxproj", "{3AF55E35-E2BC-34A7-A0E1-0B005527334C}"
	ProjectSection(ProjectDependencies) = postProject
		{52789D04-36CC-3C0E-BD90-63229496FD29} = {52789D04-36CC-3C0E-BD90-63229496FD29}
		{3C49F172-9CCB-3762-A2F7-B1A0CA1CDA67} = {3C49F172-9CCB-3762-A2F7-B1A0CA1CDA67}
	EndProjectSection
EndProject
Project("{8BC9CEB8-8B4A-11D0-8D11-00A0C91BC942}") = "zlib", "extern\zlib.vcxproj", "{6BAC96DE-6AFB-3A12-9C55-6385D6B91374}"
	ProjectSection(ProjectDependencies) = postProject
		{52789D04-36CC-3C0E-BD90-63229496FD29} = {52789D04-36CC-3C0E-BD90-63229496FD29}
	EndProjectSection
EndProject
Global
	GlobalSection(SolutionConfigurationPlatforms) = preSolution
		Debug|x64 = Debug|x64
		Release|x64 = Release|x64
		MinSizeRel|x64 = MinSizeRel|x64
		RelWithDebInfo|x64 = RelWithDebInfo|x64
	EndGlobalSection
	GlobalSection(ProjectConfigurationPlatforms) = postSolution
		{5C953EAA-7289-3E29-A3B2-A87DECE8FBF1}.Debug|x64.ActiveCfg = Debug|x64
		{5C953EAA-7289-3E29-A3B2-A87DECE8FBF1}.Debug|x64.Build.0 = Debug|x64
		{5C953EAA-7289-3E29-A3B2-A87DECE8FBF1}.Release|x64.ActiveCfg = Release|x64
		{5C953EAA-7289-3E29-A3B2-A87DECE8FBF1}.Release|x64.Build.0 = Release|x64
		{5C953EAA-7289-3E29-A3B2-A87DECE8FBF1}.MinSizeRel|x64.ActiveCfg = MinSizeRel|x64
		{5C953EAA-7289-3E29-A3B2-A87DECE8FBF1}.MinSizeRel|x64.Build.0 = MinSizeRel|x64
		{5C953EAA-7289-3E29-A3B2-A87DECE8FBF1}.RelWithDebInfo|x64.ActiveCfg = RelWithDebInfo|x64
		{5C953EAA-7289-3E29-A3B2-A87DECE8FBF1}.RelWithDebInfo|x64.Build.0 = RelWithDebInfo|x64
		{4B7883E0-3944-3DAA-A2A0-0B1B54FDF72F}.Debug|x64.ActiveCfg = Debug|x64
		{4B7883E0-3944-3DAA-A2A0-0B1B54FDF72F}.Release|x64.ActiveCfg = Release|x64
		{4B7883E0-3944-3DAA-A2A0-0B1B54FDF72F}.MinSizeRel|x64.ActiveCfg = MinSizeRel|x64
		{4B7883E0-3944-3DAA-A2A0-0B1B54FDF72F}.RelWithDebInfo|x64.ActiveCfg = RelWithDebInfo|x64
		{A0B5B2A4-FA40-3D3A-A5DF-AEED62E4F6C9}.Debug|x64.ActiveCfg = Debug|x64
		{A0B5B2A4-FA40-3D3A-A5DF-AEED62E4F6C9}.Debug|x64.Build.0 = Debug|x64
		{A0B5B2A4-FA40-3D3A-A5DF-AEED62E4F6C9}.Release|x64.ActiveCfg = Release|x64
		{A0B5B2A4-FA40-3D3A-A5DF-AEED62E4F6C9}.Release|x64.Build.0 = Release|x64
		{A0B5B2A4-FA40-3D3A-A5DF-AEED62E4F6C9}.MinSizeRel|x64.ActiveCfg = MinSizeRel|x64
		{A0B5B2A4-FA40-3D3A-A5DF-AEED62E4F6C9}.MinSizeRel|x64.Build.0 = MinSizeRel|x64
		{A0B5B2A4-FA40-3D3A-A5DF-AEED62E4F6C9}.RelWithDebInfo|x64.ActiveCfg = RelWithDebInfo|x64
		{A0B5B2A4-FA40-3D3A-A5DF-AEED62E4F6C9}.RelWithDebInfo|x64.Build.0 = RelWithDebInfo|x64
		{DEE30D15-FC7F-3161-9E57-ACA05B96D015}.Debug|x64.ActiveCfg = Debug|x64
		{DEE30D15-FC7F-3161-9E57-ACA05B96D015}.Release|x64.ActiveCfg = Release|x64
		{DEE30D15-FC7F-3161-9E57-ACA05B96D015}.MinSizeRel|x64.ActiveCfg = MinSizeRel|x64
		{DEE30D15-FC7F-3161-9E57-ACA05B96D015}.RelWithDebInfo|x64.ActiveCfg = RelWithDebInfo|x64
		{52789D04-36CC-3C0E-BD90-63229496FD29}.Debug|x64.ActiveCfg = Debug|x64
		{52789D04-36CC-3C0E-BD90-63229496FD29}.Debug|x64.Build.0 = Debug|x64
		{52789D04-36CC-3C0E-BD90-63229496FD29}.Release|x64.ActiveCfg = Release|x64
		{52789D04-36CC-3C0E-BD90-63229496FD29}.Release|x64.Build.0 = Release|x64
		{52789D04-36CC-3C0E-BD90-63229496FD29}.MinSizeRel|x64.ActiveCfg = MinSizeRel|x64
		{52789D04-36CC-3C0E-BD90-63229496FD29}.MinSizeRel|x64.Build.0 = MinSizeRel|x64
		{52789D04-36CC-3C0E-BD90-63229496FD29}.RelWithDebInfo|x64.ActiveCfg = RelWithDebInfo|x64
		{52789D04-36CC-3C0E-BD90-63229496FD29}.RelWithDebInfo|x64.Build.0 = RelWithDebInfo|x64
		{3549E575-1F32-3CB1-827C-FBC2F1A45FC3}.Debug|x64.ActiveCfg = Debug|x64
		{3549E575-1F32-3CB1-827C-FBC2F1A45FC3}.Debug|x64.Build.0 = Debug|x64
		{3549E575-1F32-3CB1-827C-FBC2F1A45FC3}.Release|x64.ActiveCfg = Release|x64
		{3549E575-1F32-3CB1-827C-FBC2F1A45FC3}.Release|x64.Build.0 = Release|x64
		{3549E575-1F32-3CB1-827C-FBC2F1A45FC3}.MinSizeRel|x64.ActiveCfg = MinSizeRel|x64
		{3549E575-1F32-3CB1-827C-FBC2F1A45FC3}.MinSizeRel|x64.Build.0 = MinSizeRel|x64
		{3549E575-1F32-3CB1-827C-FBC2F1A45FC3}.RelWithDebInfo|x64.ActiveCfg = RelWithDebInfo|x64
		{3549E575-1F32-3CB1-827C-FBC2F1A45FC3}.RelWithDebInfo|x64.Build.0 = RelWithDebInfo|x64
		{3C5DDDE2-6FDB-3682-A9D5-045157764566}.Debug|x64.ActiveCfg = Debug|x64
		{3C5DDDE2-6FDB-3682-A9D5-045157764566}.Debug|x64.Build.0 = Debug|x64
		{3C5DDDE2-6FDB-3682-A9D5-045157764566}.Release|x64.ActiveCfg = Release|x64
		{3C5DDDE2-6FDB-3682-A9D5-045157764566}.Release|x64.Build.0 = Release|x64
		{3C5DDDE2-6FDB-3682-A9D5-045157764566}.MinSizeRel|x64.ActiveCfg = MinSizeRel|x64
		{3C5DDDE2-6FDB-3682-A9D5-045157764566}.MinSizeRel|x64.Build.0 = MinSizeRel|x64
		{3C5DDDE2-6FDB-3682-A9D5-045157764566}.RelWithDebInfo|x64.ActiveCfg = RelWithDebInfo|x64
		{3C5DDDE2-6FDB-3682-A9D5-045157764566}.RelWithDebInfo|x64.Build.0 = RelWithDebInfo|x64
		{F01D83E5-DF48-3E77-BC1C-6863395C807E}.Debug|x64.ActiveCfg = Debug|x64
		{F01D83E5-DF48-3E77-BC1C-6863395C807E}.Debug|x64.Build.0 = Debug|x64
		{F01D83E5-DF48-3E77-BC1C-6863395C807E}.Release|x64.ActiveCfg = Release|x64
		{F01D83E5-DF48-3E77-BC1C-6863395C807E}.Release|x64.Build.0 = Release|x64
		{F01D83E5-DF48-3E77-BC1C-6863395C807E}.MinSizeRel|x64.ActiveCfg = MinSizeRel|x64
		{F01D83E5-DF48-3E77-BC1C-6863395C807E}.MinSizeRel|x64.Build.0 = MinSizeRel|x64
		{F01D83E5-DF48-3E77-BC1C-6863395C807E}.RelWithDebInfo|x64.ActiveCfg = RelWithDebInfo|x64
		{F01D83E5-DF48-3E77-BC1C-6863395C807E}.RelWithDebInfo|x64.Build.0 = RelWithDebInfo|x64
		{C4C121A1-BF6D-3375-9BBF-CA6A185A070A}.Debug|x64.ActiveCfg = Debug|x64
		{C4C121A1-BF6D-3375-9BBF-CA6A185A070A}.Debug|x64.Build.0 = Debug|x64
		{C4C121A1-BF6D-3375-9BBF-CA6A185A070A}.Release|x64.ActiveCfg = Release|x64
		{C4C121A1-BF6D-3375-9BBF-CA6A185A070A}.Release|x64.Build.0 = Release|x64
		{C4C121A1-BF6D-3375-9BBF-CA6A185A070A}.MinSizeRel|x64.ActiveCfg = MinSizeRel|x64
		{C4C121A1-BF6D-3375-9BBF-CA6A185A070A}.MinSizeRel|x64.Build.0 = MinSizeRel|x64
		{C4C121A1-BF6D-3375-9BBF-CA6A185A070A}.RelWithDebInfo|x64.ActiveCfg = RelWithDebInfo|x64
		{C4C121A1-BF6D-3375-9BBF-CA6A185A070A}.RelWithDebInfo|x64.Build.0 = RelWithDebInfo|x64
		{8DA766A5-E082-397B-AD6F-7BED37577CF5}.Debug|x64.ActiveCfg = Debug|x64
		{8DA766A5-E082-397B-AD6F-7BED37577CF5}.Debug|x64.Build.0 = Debug|x64
		{8DA766A5-E082-397B-AD6F-7BED37577CF5}.Release|x64.ActiveCfg = Release|x64
		{8DA766A5-E082-397B-AD6F-7BED37577CF5}.Release|x64.Build.0 = Release|x64
		{8DA766A5-E082-397B-AD6F-7BED37577CF5}.MinSizeRel|x64.ActiveCfg = MinSizeRel|x64
		{8DA766A5-E082-397B-AD6F-7BED37577CF5}.MinSizeRel|x64.Build.0 = MinSizeRel|x64
		{8DA766A5-E082-397B-AD6F-7BED37577CF5}.RelWithDebInfo|x64.ActiveCfg = RelWithDebInfo|x64
		{8DA766A5-E082-397B-AD6F-7BED37577CF5}.RelWithDebInfo|x64.Build.0 = RelWithDebInfo|x64
		{1BDE1B7E-340E-356C-9948-8D08DA044F04}.Debug|x64.ActiveCfg = Debug|x64
		{1BDE1B7E-340E-356C-9948-8D08DA044F04}.Debug|x64.Build.0 = Debug|x64
		{1BDE1B7E-340E-356C-9948-8D08DA044F04}.Release|x64.ActiveCfg = Release|x64
		{1BDE1B7E-340E-356C-9948-8D08DA044F04}.Release|x64.Build.0 = Release|x64
		{1BDE1B7E-340E-356C-9948-8D08DA044F04}.MinSizeRel|x64.ActiveCfg = MinSizeRel|x64
		{1BDE1B7E-340E-356C-9948-8D08DA044F04}.MinSizeRel|x64.Build.0 = MinSizeRel|x64
		{1BDE1B7E-340E-356C-9948-8D08DA044F04}.RelWithDebInfo|x64.ActiveCfg = RelWithDebInfo|x64
		{1BDE1B7E-340E-356C-9948-8D08DA044F04}.RelWithDebInfo|x64.Build.0 = RelWithDebInfo|x64
		{478773A0-9A93-3871-A202-B0327B28589E}.Debug|x64.ActiveCfg = Debug|x64
		{478773A0-9A93-3871-A202-B0327B28589E}.Debug|x64.Build.0 = Debug|x64
		{478773A0-9A93-3871-A202-B0327B28589E}.Release|x64.ActiveCfg = Release|x64
		{478773A0-9A93-3871-A202-B0327B28589E}.Release|x64.Build.0 = Release|x64
		{478773A0-9A93-3871-A202-B0327B28589E}.MinSizeRel|x64.ActiveCfg = MinSizeRel|x64
		{478773A0-9A93-3871-A202-B0327B28589E}.MinSizeRel|x64.Build.0 = MinSizeRel|x64
		{478773A0-9A93-3871-A202-B0327B28589E}.RelWithDebInfo|x64.ActiveCfg = RelWithDebInfo|x64
		{478773A0-9A93-3871-A202-B0327B28589E}.RelWithDebInfo|x64.Build.0 = RelWithDebInfo|x64
		{4B240FB4-EE81-3085-8E33-07F876F43365}.Debug|x64.ActiveCfg = Debug|x64
		{4B240FB4-EE81-3085-8E33-07F876F43365}.Debug|x64.Build.0 = Debug|x64
		{4B240FB4-EE81-3085-8E33-07F876F43365}.Release|x64.ActiveCfg = Release|x64
		{4B240FB4-EE81-3085-8E33-07F876F43365}.Release|x64.Build.0 = Release|x64
		{4B240FB4-EE81-3085-8E33-07F876F43365}.MinSizeRel|x64.ActiveCfg = MinSizeRel|x64
		{4B240FB4-EE81-3085-8E33-07F876F43365}.MinSizeRel|x64.Build.0 = MinSizeRel|x64
		{4B240FB4-EE81-3085-8E33-07F876F43365}.RelWithDebInfo|x64.ActiveCfg = RelWithDebInfo|x64
		{4B240FB4-EE81-3085-8E33-07F876F43365}.RelWithDebInfo|x64.Build.0 = RelWithDebInfo|x64
		{7490A8DC-8F35-3C28-996A-860955D32FC5}.Debug|x64.ActiveCfg = Debug|x64
		{7490A8DC-8F35-3C28-996A-860955D32FC5}.Debug|x64.Build.0 = Debug|x64
		{7490A8DC-8F35-3C28-996A-860955D32FC5}.Release|x64.ActiveCfg = Release|x64
		{7490A8DC-8F35-3C28-996A-860955D32FC5}.Release|x64.Build.0 = Release|x64
		{7490A8DC-8F35-3C28-996A-860955D32FC5}.MinSizeRel|x64.ActiveCfg = MinSizeRel|x64
		{7490A8DC-8F35-3C28-996A-860955D32FC5}.MinSizeRel|x64.Build.0 = MinSizeRel|x64
		{7490A8DC-8F35-3C28-996A-860955D32FC5}.RelWithDebInfo|x64.ActiveCfg = RelWithDebInfo|x64
		{7490A8DC-8F35-3C28-996A-860955D32FC5}.RelWithDebInfo|x64.Build.0 = RelWithDebInfo|x64
		{3A11086A-20D6-34A6-B07E-A7C2D73917FB}.Debug|x64.ActiveCfg = Debug|x64
		{3A11086A-20D6-34A6-B07E-A7C2D73917FB}.Debug|x64.Build.0 = Debug|x64
		{3A11086A-20D6-34A6-B07E-A7C2D73917FB}.Release|x64.ActiveCfg = Release|x64
		{3A11086A-20D6-34A6-B07E-A7C2D73917FB}.Release|x64.Build.0 = Release|x64
		{3A11086A-20D6-34A6-B07E-A7C2D73917FB}.MinSizeRel|x64.ActiveCfg = MinSizeRel|x64
		{3A11086A-20D6-34A6-B07E-A7C2D73917FB}.MinSizeRel|x64.Build.0 = MinSizeRel|x64
		{3A11086A-20D6-34A6-B07E-A7C2D73917FB}.RelWithDebInfo|x64.ActiveCfg = RelWithDebInfo|x64
		{3A11086A-20D6-34A6-B07E-A7C2D73917FB}.RelWithDebInfo|x64.Build.0 = RelWithDebInfo|x64
		{59EC96D6-3E14-3FD5-8D6B-3268F2E239BA}.Debug|x64.ActiveCfg = Debug|x64
		{59EC96D6-3E14-3FD5-8D6B-3268F2E239BA}.Debug|x64.Build.0 = Debug|x64
		{59EC96D6-3E14-3FD5-8D6B-3268F2E239BA}.Release|x64.ActiveCfg = Release|x64
		{59EC96D6-3E14-3FD5-8D6B-3268F2E239BA}.Release|x64.Build.0 = Release|x64
		{59EC96D6-3E14-3FD5-8D6B-3268F2E239BA}.MinSizeRel|x64.ActiveCfg = MinSizeRel|x64
		{59EC96D6-3E14-3FD5-8D6B-3268F2E239BA}.MinSizeRel|x64.Build.0 = MinSizeRel|x64
		{59EC96D6-3E14-3FD5-8D6B-3268F2E239BA}.RelWithDebInfo|x64.ActiveCfg = RelWithDebInfo|x64
		{59EC96D6-3E14-3FD5-8D6B-3268F2E239BA}.RelWithDebInfo|x64.Build.0 = RelWithDebInfo|x64
		{3C49F172-9CCB-3762-A2F7-B1A0CA1CDA67}.Debug|x64.ActiveCfg = Debug|x64
		{3C49F172-9CCB-3762-A2F7-B1A0CA1CDA67}.Debug|x64.Build.0 = Debug|x64
		{3C49F172-9CCB-3762-A2F7-B1A0CA1CDA67}.Release|x64.ActiveCfg = Release|x64
		{3C49F172-9CCB-3762-A2F7-B1A0CA1CDA67}.Release|x64.Build.0 = Release|x64
		{3C49F172-9CCB-3762-A2F7-B1A0CA1CDA67}.MinSizeRel|x64.ActiveCfg = MinSizeRel|x64
		{3C49F172-9CCB-3762-A2F7-B1A0CA1CDA67}.MinSizeRel|x64.Build.0 = MinSizeRel|x64
		{3C49F172-9CCB-3762-A2F7-B1A0CA1CDA67}.RelWithDebInfo|x64.ActiveCfg = RelWithDebInfo|x64
		{3C49F172-9CCB-3762-A2F7-B1A0CA1CDA67}.RelWithDebInfo|x64.Build.0 = RelWithDebInfo|x64
		{D0100EB4-D8B5-39E2-B224-8AF850EC3D6D}.Debug|x64.ActiveCfg = Debug|x64
		{D0100EB4-D8B5-39E2-B224-8AF850EC3D6D}.Debug|x64.Build.0 = Debug|x64
		{D0100EB4-D8B5-39E2-B224-8AF850EC3D6D}.Release|x64.ActiveCfg = Release|x64
		{D0100EB4-D8B5-39E2-B224-8AF850EC3D6D}.Release|x64.Build.0 = Release|x64
		{D0100EB4-D8B5-39E2-B224-8AF850EC3D6D}.MinSizeRel|x64.ActiveCfg = MinSizeRel|x64
		{D0100EB4-D8B5-39E2-B224-8AF850EC3D6D}.MinSizeRel|x64.Build.0 = MinSizeRel|x64
		{D0100EB4-D8B5-39E2-B224-8AF850EC3D6D}.RelWithDebInfo|x64.ActiveCfg = RelWithDebInfo|x64
		{D0100EB4-D8B5-39E2-B224-8AF850EC3D6D}.RelWithDebInfo|x64.Build.0 = RelWithDebInfo|x64
		{3AB373AA-A309-3837-99E2-AA2789A316BD}.Debug|x64.ActiveCfg = Debug|x64
		{3AB373AA-A309-3837-99E2-AA2789A316BD}.Debug|x64.Build.0 = Debug|x64
		{3AB373AA-A309-3837-99E2-AA2789A316BD}.Release|x64.ActiveCfg = Release|x64
		{3AB373AA-A309-3837-99E2-AA2789A316BD}.Release|x64.Build.0 = Release|x64
		{3AB373AA-A309-3837-99E2-AA2789A316BD}.MinSizeRel|x64.ActiveCfg = MinSizeRel|x64
		{3AB373AA-A309-3837-99E2-AA2789A316BD}.MinSizeRel|x64.Build.0 = MinSizeRel|x64
		{3AB373AA-A309-3837-99E2-AA2789A316BD}.RelWithDebInfo|x64.ActiveCfg = RelWithDebInfo|x64
		{3AB373AA-A309-3837-99E2-AA2789A316BD}.RelWithDebInfo|x64.Build.0 = RelWithDebInfo|x64
		{5F3003D0-519B-360B-9C7B-FF7573636B9F}.Debug|x64.ActiveCfg = Debug|x64
		{5F3003D0-519B-360B-9C7B-FF7573636B9F}.Debug|x64.Build.0 = Debug|x64
		{5F3003D0-519B-360B-9C7B-FF7573636B9F}.Release|x64.ActiveCfg = Release|x64
		{5F3003D0-519B-360B-9C7B-FF7573636B9F}.Release|x64.Build.0 = Release|x64
		{5F3003D0-519B-360B-9C7B-FF7573636B9F}.MinSizeRel|x64.ActiveCfg = MinSizeRel|x64
		{5F3003D0-519B-360B-9C7B-FF7573636B9F}.MinSizeRel|x64.Build.0 = MinSizeRel|x64
		{5F3003D0-519B-360B-9C7B-FF7573636B9F}.RelWithDebInfo|x64.ActiveCfg = RelWithDebInfo|x64
		{5F3003D0-519B-360B-9C7B-FF7573636B9F}.RelWithDebInfo|x64.Build.0 = RelWithDebInfo|x64
		{269F774B-7940-361F-8098-DEEBA90060A2}.Debug|x64.ActiveCfg = Debug|x64
		{269F774B-7940-361F-8098-DEEBA90060A2}.Debug|x64.Build.0 = Debug|x64
		{269F774B-7940-361F-8098-DEEBA90060A2}.Release|x64.ActiveCfg = Release|x64
		{269F774B-7940-361F-8098-DEEBA90060A2}.Release|x64.Build.0 = Release|x64
		{269F774B-7940-361F-8098-DEEBA90060A2}.MinSizeRel|x64.ActiveCfg = MinSizeRel|x64
		{269F774B-7940-361F-8098-DEEBA90060A2}.MinSizeRel|x64.Build.0 = MinSizeRel|x64
		{269F774B-7940-361F-8098-DEEBA90060A2}.RelWithDebInfo|x64.ActiveCfg = RelWithDebInfo|x64
		{269F774B-7940-361F-8098-DEEBA90060A2}.RelWithDebInfo|x64.Build.0 = RelWithDebInfo|x64
		{6A14081C-FC49-378D-9023-EE19186041E8}.Debug|x64.ActiveCfg = Debug|x64
		{6A14081C-FC49-378D-9023-EE19186041E8}.Debug|x64.Build.0 = Debug|x64
		{6A14081C-FC49-378D-9023-EE19186041E8}.Release|x64.ActiveCfg = Release|x64
		{6A14081C-FC49-378D-9023-EE19186041E8}.Release|x64.Build.0 = Release|x64
		{6A14081C-FC49-378D-9023-EE19186041E8}.MinSizeRel|x64.ActiveCfg = MinSizeRel|x64
		{6A14081C-FC49-378D-9023-EE19186041E8}.MinSizeRel|x64.Build.0 = MinSizeRel|x64
		{6A14081C-FC49-378D-9023-EE19186041E8}.RelWithDebInfo|x64.ActiveCfg = RelWithDebInfo|x64
		{6A14081C-FC49-378D-9023-EE19186041E8}.RelWithDebInfo|x64.Build.0 = RelWithDebInfo|x64
		{3AF55E35-E2BC-34A7-A0E1-0B005527334C}.Debug|x64.ActiveCfg = Debug|x64
		{3AF55E35-E2BC-34A7-A0E1-0B005527334C}.Debug|x64.Build.0 = Debug|x64
		{3AF55E35-E2BC-34A7-A0E1-0B005527334C}.Release|x64.ActiveCfg = Release|x64
		{3AF55E35-E2BC-34A7-A0E1-0B005527334C}.Release|x64.Build.0 = Release|x64
		{3AF55E35-E2BC-34A7-A0E1-0B005527334C}.MinSizeRel|x64.ActiveCfg = MinSizeRel|x64
		{3AF55E35-E2BC-34A7-A0E1-0B005527334C}.MinSizeRel|x64.Build.0 = MinSizeRel|x64
		{3AF55E35-E2BC-34A7-A0E1-0B005527334C}.RelWithDebInfo|x64.ActiveCfg = RelWithDebInfo|x64
		{3AF55E35-E2BC-34A7-A0E1-0B005527334C}.RelWithDebInfo|x64.Build.0 = RelWithDebInfo|x64
		{6BAC96DE-6AFB-3A12-9C55-6385D6B91374}.Debug|x64.ActiveCfg = Debug|x64
		{6BAC96DE-6AFB-3A12-9C55-6385D6B91374}.Debug|x64.Build.0 = Debug|x64
		{6BAC96DE-6AFB-3A12-9C55-6385D6B91374}.Release|x64.ActiveCfg = Release|x64
		{6BAC96DE-6AFB-3A12-9C55-6385D6B91374}.Release|x64.Build.0 = Release|x64
		{6BAC96DE-6AFB-3A12-9C55-6385D6B91374}.MinSizeRel|x64.ActiveCfg = MinSizeRel|x64
		{6BAC96DE-6AFB-3A12-9C55-6385D6B91374}.MinSizeRel|x64.Build.0 = MinSizeRel|x64
		{6BAC96DE-6AFB-3A12-9C55-6385D6B91374}.RelWithDebInfo|x64.ActiveCfg = RelWithDebInfo|x64
		{6BAC96DE-6AFB-3A12-9C55-6385D6B91374}.RelWithDebInfo|x64.Build.0 = RelWithDebInfo|x64
	EndGlobalSection
	GlobalSection(NestedProjects) = preSolution
		{5C953EAA-7289-3E29-A3B2-A87DECE8FBF1} = {AC1D5ED2-E661-325E-B8BC-5F491BC8E9A7}
		{4B7883E0-3944-3DAA-A2A0-0B1B54FDF72F} = {AC1D5ED2-E661-325E-B8BC-5F491BC8E9A7}
		{DEE30D15-FC7F-3161-9E57-ACA05B96D015} = {AC1D5ED2-E661-325E-B8BC-5F491BC8E9A7}
		{52789D04-36CC-3C0E-BD90-63229496FD29} = {AC1D5ED2-E661-325E-B8BC-5F491BC8E9A7}
		{3549E575-1F32-3CB1-827C-FBC2F1A45FC3} = {FB8DD79C-0285-3821-92FA-016347A756EE}
		{3C5DDDE2-6FDB-3682-A9D5-045157764566} = {FB8DD79C-0285-3821-92FA-016347A756EE}
		{F01D83E5-DF48-3E77-BC1C-6863395C807E} = {FB8DD79C-0285-3821-92FA-016347A756EE}
		{C4C121A1-BF6D-3375-9BBF-CA6A185A070A} = {FB8DD79C-0285-3821-92FA-016347A756EE}
		{8DA766A5-E082-397B-AD6F-7BED37577CF5} = {FB8DD79C-0285-3821-92FA-016347A756EE}
		{1BDE1B7E-340E-356C-9948-8D08DA044F04} = {FB8DD79C-0285-3821-92FA-016347A756EE}
		{4B240FB4-EE81-3085-8E33-07F876F43365} = {FB8DD79C-0285-3821-92FA-016347A756EE}
		{7490A8DC-8F35-3C28-996A-860955D32FC5} = {FB8DD79C-0285-3821-92FA-016347A756EE}
		{3A11086A-20D6-34A6-B07E-A7C2D73917FB} = {FB8DD79C-0285-3821-92FA-016347A756EE}
		{59EC96D6-3E14-3FD5-8D6B-3268F2E239BA} = {FB8DD79C-0285-3821-92FA-016347A756EE}
		{3C49F172-9CCB-3762-A2F7-B1A0CA1CDA67} = {FB8DD79C-0285-3821-92FA-016347A756EE}
		{D0100EB4-D8B5-39E2-B224-8AF850EC3D6D} = {FB8DD79C-0285-3821-92FA-016347A756EE}
		{3AB373AA-A309-3837-99E2-AA2789A316BD} = {FB8DD79C-0285-3821-92FA-016347A756EE}
		{5F3003D0-519B-360B-9C7B-FF7573636B9F} = {FB8DD79C-0285-3821-92FA-016347A756EE}
		{269F774B-7940-361F-8098-DEEBA90060A2} = {FB8DD79C-0285-3821-92FA-016347A756EE}
		{6A14081C-FC49-378D-9023-EE19186041E8} = {FB8DD79C-0285-3821-92FA-016347A756EE}
		{3AF55E35-E2BC-34A7-A0E1-0B005527334C} = {FB8DD79C-0285-3821-92FA-016347A756EE}
		{6BAC96DE-6AFB-3A12-9C55-6385D6B91374} = {FB8DD79C-0285-3821-92FA-016347A756EE}
		{A0B5B2A4-FA40-3D3A-A5DF-AEED62E4F6C9} = {09008509-4383-3E20-B8F3-168B03CC68DB}
		{478773A0-9A93-3871-A202-B0327B28589E} = {09008509-4383-3E20-B8F3-168B03CC68DB}
	EndGlobalSection
	GlobalSection(ExtensibilityGlobals) = postSolution
		SolutionGuid = {35E80971-2D53-38C1-BA7A-3793E96340BA}
	EndGlobalSection
	GlobalSection(ExtensibilityAddIns) = postSolution
	EndGlobalSection
EndGlobal
